
Microsoft Visual Studio Solution File, Format Version 12.00
# Visual Studio 2012
Project("{FAE04EC0-301F-11D3-BF4B-00C04F79EFBC}") = "TriRapide-MultiThreadsV2", "TriRapide-MultiThreadsV2\TriRapide-MultiThreadsV2.csproj", "{979E0A0A-D010-4B36-9E24-82FDCE94BB45}"
EndProject
Project("{FAE04EC0-301F-11D3-BF4B-00C04F79EFBC}") = "TriRapide-MulthreadsV3(Pool)", "..\TriRapide-MulthreadsV3(Pool)\TriRapide-MulthreadsV3(Pool).csproj", "{5A93B41B-FA8F-4A29-9D65-B884EFCA9B4E}"
EndProject
Global
	GlobalSection(SolutionConfigurationPlatforms) = preSolution
		Debug|x86 = Debug|x86
		Release|x86 = Release|x86
	EndGlobalSection
	GlobalSection(ProjectConfigurationPlatforms) = postSolution
		{5A93B41B-FA8F-4A29-9D65-B884EFCA9B4E}.Debug|x86.ActiveCfg = Debug|x86
		{5A93B41B-FA8F-4A29-9D65-B884EFCA9B4E}.Debug|x86.Build.0 = Debug|x86
		{5A93B41B-FA8F-4A29-9D65-B884EFCA9B4E}.Release|x86.ActiveCfg = Release|x86
		{5A93B41B-FA8F-4A29-9D65-B884EFCA9B4E}.Release|x86.Build.0 = Release|x86
		{979E0A0A-D010-4B36-9E24-82FDCE94BB45}.Debug|x86.ActiveCfg = Debug|x86
		{979E0A0A-D010-4B36-9E24-82FDCE94BB45}.Debug|x86.Build.0 = Debug|x86
		{979E0A0A-D010-4B36-9E24-82FDCE94BB45}.Release|x86.ActiveCfg = Release|x86
		{979E0A0A-D010-4B36-9E24-82FDCE94BB45}.Release|x86.Build.0 = Release|x86
	EndGlobalSection
EndGlobal
